// !$*UTF8*$!
{
	archiveVersion = 1;
	classes = {
	};
	objectVersion = 55;
	objects = {

/* Begin PBXBuildFile section */
		F8659BAB2843A08300FA13DC /* TodoListApp.swift in Sources */ = {isa = PBXBuildFile; fileRef = F8659BAA2843A08300FA13DC /* TodoListApp.swift */; };
		F8659BAF2843A08600FA13DC /* Assets.xcassets in Resources */ = {isa = PBXBuildFile; fileRef = F8659BAE2843A08600FA13DC /* Assets.xcassets */; };
		F8659BB22843A08600FA13DC /* Preview Assets.xcassets in Resources */ = {isa = PBXBuildFile; fileRef = F8659BB12843A08600FA13DC /* Preview Assets.xcassets */; };
		F8659BBA2843A11D00FA13DC /* ListView.swift in Sources */ = {isa = PBXBuildFile; fileRef = F8659BB92843A11D00FA13DC /* ListView.swift */; };
		F8659BBC2843A2CE00FA13DC /* ListRowView.swift in Sources */ = {isa = PBXBuildFile; fileRef = F8659BBB2843A2CE00FA13DC /* ListRowView.swift */; };
		F8659BC12843A7D300FA13DC /* ItemModel.swift in Sources */ = {isa = PBXBuildFile; fileRef = F8659BC02843A7D300FA13DC /* ItemModel.swift */; };
		F8659BC42843AD2200FA13DC /* ListViewModel.swift in Sources */ = {isa = PBXBuildFile; fileRef = F8659BC32843AD2200FA13DC /* ListViewModel.swift */; };
		F89FD2F92844A660001DB45A /* NoItemsView.swift in Sources */ = {isa = PBXBuildFile; fileRef = F89FD2F82844A660001DB45A /* NoItemsView.swift */; };
		F89FD2FB2844B183001DB45A /* LaunchScreen.storyboard in Resources */ = {isa = PBXBuildFile; fileRef = F89FD2FA2844B183001DB45A /* LaunchScreen.storyboard */; };
		F8A6806D2A376FA000EB2B96 /* AddView.swift in Sources */ = {isa = PBXBuildFile; fileRef = F8A6806C2A376FA000EB2B96 /* AddView.swift */; };
/* End PBXBuildFile section */

/* Begin PBXFileReference section */
		F8659BA72843A08300FA13DC /* Do Stuff.app */ = {isa = PBXFileReference; explicitFileType = wrapper.application; includeInIndex = 0; path = "Do Stuff.app"; sourceTree = BUILT_PRODUCTS_DIR; };
		F8659BAA2843A08300FA13DC /* TodoListApp.swift */ = {isa = PBXFileReference; lastKnownFileType = sourcecode.swift; path = TodoListApp.swift; sourceTree = "<group>"; };
		F8659BAE2843A08600FA13DC /* Assets.xcassets */ = {isa = PBXFileReference; lastKnownFileType = folder.assetcatalog; path = Assets.xcassets; sourceTree = "<group>"; };
		F8659BB12843A08600FA13DC /* Preview Assets.xcassets */ = {isa = PBXFileReference; lastKnownFileType = folder.assetcatalog; path = "Preview Assets.xcassets"; sourceTree = "<group>"; };
		F8659BB92843A11D00FA13DC /* ListView.swift */ = {isa = PBXFileReference; lastKnownFileType = sourcecode.swift; path = ListView.swift; sourceTree = "<group>"; };
		F8659BBB2843A2CE00FA13DC /* ListRowView.swift */ = {isa = PBXFileReference; lastKnownFileType = sourcecode.swift; path = ListRowView.swift; sourceTree = "<group>"; };
		F8659BC02843A7D300FA13DC /* ItemModel.swift */ = {isa = PBXFileReference; lastKnownFileType = sourcecode.swift; path = ItemModel.swift; sourceTree = "<group>"; };
		F8659BC32843AD2200FA13DC /* ListViewModel.swift */ = {isa = PBXFileReference; lastKnownFileType = sourcecode.swift; path = ListViewModel.swift; sourceTree = "<group>"; };
		F89FD2F82844A660001DB45A /* NoItemsView.swift */ = {isa = PBXFileReference; lastKnownFileType = sourcecode.swift; path = NoItemsView.swift; sourceTree = "<group>"; };
		F89FD2FA2844B183001DB45A /* LaunchScreen.storyboard */ = {isa = PBXFileReference; lastKnownFileType = file.storyboard; path = LaunchScreen.storyboard; sourceTree = "<group>"; };
		F8A6806C2A376FA000EB2B96 /* AddView.swift */ = {isa = PBXFileReference; fileEncoding = 4; lastKnownFileType = sourcecode.swift; name = AddView.swift; path = "../../../../../Desktop/some-1/AddView.swift"; sourceTree = "<group>"; };
/* End PBXFileReference section */

/* Begin PBXFrameworksBuildPhase section */
		F8659BA42843A08300FA13DC /* Frameworks */ = {
			isa = PBXFrameworksBuildPhase;
			buildActionMask = 2147483647;
			files = (
			);
			runOnlyForDeploymentPostprocessing = 0;
		};
/* End PBXFrameworksBuildPhase section */

/* Begin PBXGroup section */
		F8659B9E2843A08300FA13DC = {
			isa = PBXGroup;
			children = (
				F8659BA92843A08300FA13DC /* TodoList */,
				F8659BA82843A08300FA13DC /* Products */,
			);
			sourceTree = "<group>";
		};
		F8659BA82843A08300FA13DC /* Products */ = {
			isa = PBXGroup;
			children = (
				F8659BA72843A08300FA13DC /* Do Stuff.app */,
			);
			name = Products;
			sourceTree = "<group>";
		};
		F8659BA92843A08300FA13DC /* TodoList */ = {
			isa = PBXGroup;
			children = (
				F8659BAA2843A08300FA13DC /* TodoListApp.swift */,
				F8659BBF2843A79800FA13DC /* Models */,
				F8659BC22843ACFC00FA13DC /* ViewModels */,
				F8659BB82843A0FC00FA13DC /* Views */,
				F8659BAE2843A08600FA13DC /* Assets.xcassets */,
				F8659BB02843A08600FA13DC /* Preview Content */,
			);
			path = TodoList;
			sourceTree = "<group>";
		};
		F8659BB02843A08600FA13DC /* Preview Content */ = {
			isa = PBXGroup;
			children = (
				F8659BB12843A08600FA13DC /* Preview Assets.xcassets */,
			);
			path = "Preview Content";
			sourceTree = "<group>";
		};
		F8659BB82843A0FC00FA13DC /* Views */ = {
			isa = PBXGroup;
			children = (
				F8659BB92843A11D00FA13DC /* ListView.swift */,
				F8659BBB2843A2CE00FA13DC /* ListRowView.swift */,
				F8A6806C2A376FA000EB2B96 /* AddView.swift */,
				F89FD2F82844A660001DB45A /* NoItemsView.swift */,
				F89FD2FA2844B183001DB45A /* LaunchScreen.storyboard */,
			);
			path = Views;
			sourceTree = "<group>";
		};
		F8659BBF2843A79800FA13DC /* Models */ = {
			isa = PBXGroup;
			children = (
				F8659BC02843A7D300FA13DC /* ItemModel.swift */,
			);
			path = Models;
			sourceTree = "<group>";
		};
		F8659BC22843ACFC00FA13DC /* ViewModels */ = {
			isa = PBXGroup;
			children = (
				F8659BC32843AD2200FA13DC /* ListViewModel.swift */,
			);
			path = ViewModels;
			sourceTree = "<group>";
		};
/* End PBXGroup section */

/* Begin PBXNativeTarget section */
		F8659BA62843A08300FA13DC /* TodoList */ = {
			isa = PBXNativeTarget;
			buildConfigurationList = F8659BB52843A08600FA13DC /* Build configuration list for PBXNativeTarget "TodoList" */;
			buildPhases = (
				F8659BA32843A08300FA13DC /* Sources */,
				F8659BA42843A08300FA13DC /* Frameworks */,
				F8659BA52843A08300FA13DC /* Resources */,
			);
			buildRules = (
			);
			dependencies = (
			);
			name = TodoList;
			productName = TodoList;
			productReference = F8659BA72843A08300FA13DC /* Do Stuff.app */;
			productType = "com.apple.product-type.application";
		};
/* End PBXNativeTarget section */

/* Begin PBXProject section */
		F8659B9F2843A08300FA13DC /* Project object */ = {
			isa = PBXProject;
			attributes = {
				BuildIndependentTargetsInParallel = 1;
				LastSwiftUpdateCheck = 1340;
				LastUpgradeCheck = 1340;
				TargetAttributes = {
					F8659BA62843A08300FA13DC = {
						CreatedOnToolsVersion = 13.4;
					};
				};
			};
			buildConfigurationList = F8659BA22843A08300FA13DC /* Build configuration list for PBXProject "TodoList" */;
			compatibilityVersion = "Xcode 13.0";
			developmentRegion = en;
			hasScannedForEncodings = 0;
			knownRegions = (
				en,
				Base,
			);
			mainGroup = F8659B9E2843A08300FA13DC;
			productRefGroup = F8659BA82843A08300FA13DC /* Products */;
			projectDirPath = "";
			projectRoot = "";
			targets = (
				F8659BA62843A08300FA13DC /* TodoList */,
			);
		};
/* End PBXProject section */

/* Begin PBXResourcesBuildPhase section */
		F8659BA52843A08300FA13DC /* Resources */ = {
			isa = PBXResourcesBuildPhase;
			buildActionMask = 2147483647;
			files = (
				F89FD2FB2844B183001DB45A /* LaunchScreen.storyboard in Resources */,
				F8659BB22843A08600FA13DC /* Preview Assets.xcassets in Resources */,
				F8659BAF2843A08600FA13DC /* Assets.xcassets in Resources */,
			);
			runOnlyForDeploymentPostprocessing = 0;
		};
/* End PBXResourcesBuildPhase section */

/* Begin PBXSourcesBuildPhase section */
		F8659BA32843A08300FA13DC /* Sources */ = {
			isa = PBXSourcesBuildPhase;
			buildActionMask = 2147483647;
			files = (
				F8659BC12843A7D300FA13DC /* ItemModel.swift in Sources */,
				F8659BC42843AD2200FA13DC /* ListViewModel.swift in Sources */,
				F8659BAB2843A08300FA13DC /* TodoListApp.swift in Sources */,
				F8A6806D2A376FA000EB2B96 /* AddView.swift in Sources */,
				F8659BBA2843A11D00FA13DC /* ListView.swift in Sources */,
				F89FD2F92844A660001DB45A /* NoItemsView.swift in Sources */,
				F8659BBC2843A2CE00FA13DC /* ListRowView.swift in Sources */,
			);
			runOnlyForDeploymentPostprocessing = 0;
		};
/* End PBXSourcesBuildPhase section */

/* Begin XCBuildConfiguration section */
		F8659BB32843A08600FA13DC /* Debug */ = {
			isa = XCBuildConfiguration;
			buildSettings = {
				ALWAYS_SEARCH_USER_PATHS = NO;
				CLANG_ANALYZER_NONNULL = YES;
				CLANG_ANALYZER_NUMBER_OBJECT_CONVERSION = YES_AGGRESSIVE;
				CLANG_CXX_LANGUAGE_STANDARD = "gnu++17";
				CLANG_ENABLE_MODULES = YES;
				CLANG_ENABLE_OBJC_ARC = YES;
				CLANG_ENABLE_OBJC_WEAK = YES;
				CLANG_WARN_BLOCK_CAPTURE_AUTORELEASING = YES;
				CLANG_WARN_BOOL_CONVERSION = YES;
				CLANG_WARN_COMMA = YES;
				CLANG_WARN_CONSTANT_CONVERSION = YES;
				CLANG_WARN_DEPRECATED_OBJC_IMPLEMENTATIONS = YES;
				CLANG_WARN_DIRECT_OBJC_ISA_USAGE = YES_ERROR;
				CLANG_WARN_DOCUMENTATION_COMMENTS = YES;
				CLANG_WARN_EMPTY_BODY = YES;
				CLANG_WARN_ENUM_CONVERSION = YES;
				CLANG_WARN_INFINITE_RECURSION = YES;
				CLANG_WARN_INT_CONVERSION = YES;
				CLANG_WARN_NON_LITERAL_NULL_CONVERSION = YES;
				CLANG_WARN_OBJC_IMPLICIT_RETAIN_SELF = YES;
				CLANG_WARN_OBJC_LITERAL_CONVERSION = YES;
				CLANG_WARN_OBJC_ROOT_CLASS = YES_ERROR;
				CLANG_WARN_QUOTED_INCLUDE_IN_FRAMEWORK_HEADER = YES;
				CLANG_WARN_RANGE_LOOP_ANALYSIS = YES;
				CLANG_WARN_STRICT_PROTOTYPES = YES;
				CLANG_WARN_SUSPICIOUS_MOVE = YES;
				CLANG_WARN_UNGUARDED_AVAILABILITY = YES_AGGRESSIVE;
				CLANG_WARN_UNREACHABLE_CODE = YES;
				CLANG_WARN__DUPLICATE_METHOD_MATCH = YES;
				COPY_PHASE_STRIP = NO;
				DEBUG_INFORMATION_FORMAT = dwarf;
				ENABLE_STRICT_OBJC_MSGSEND = YES;
				ENABLE_TESTABILITY = YES;
				GCC_C_LANGUAGE_STANDARD = gnu11;
				GCC_DYNAMIC_NO_PIC = NO;
				GCC_NO_COMMON_BLOCKS = YES;
				GCC_OPTIMIZATION_LEVEL = 0;
				GCC_PREPROCESSOR_DEFINITIONS = (
					"DEBUG=1",
					"$(inherited)",
				);
				GCC_WARN_64_TO_32_BIT_CONVERSION = YES;
				GCC_WARN_ABOUT_RETURN_TYPE = YES_ERROR;
				GCC_WARN_UNDECLARED_SELECTOR = YES;
				GCC_WARN_UNINITIALIZED_AUTOS = YES_AGGRESSIVE;
				GCC_WARN_UNUSED_FUNCTION = YES;
				GCC_WARN_UNUSED_VARIABLE = YES;
				IPHONEOS_DEPLOYMENT_TARGET = 15.5;
				MTL_ENABLE_DEBUG_INFO = INCLUDE_SOURCE;
				MTL_FAST_MATH = YES;
				ONLY_ACTIVE_ARCH = YES;
				SDKROOT = iphoneos;
				SWIFT_ACTIVE_COMPILATION_CONDITIONS = DEBUG;
				SWIFT_OPTIMIZATION_LEVEL = "-Onone";
			};
			name = Debug;
		};
		F8659BB42843A08600FA13DC /* Release */ = {
			isa = XCBuildConfiguration;
			buildSettings = {
				ALWAYS_SEARCH_USER_PATHS = NO;
				CLANG_ANALYZER_NONNULL = YES;
				CLANG_ANALYZER_NUMBER_OBJECT_CONVERSION = YES_AGGRESSIVE;
				CLANG_CXX_LANGUAGE_STANDARD = "gnu++17";
				CLANG_ENABLE_MODULES = YES;
				CLANG_ENABLE_OBJC_ARC = YES;
				CLANG_ENABLE_OBJC_WEAK = YES;
				CLANG_WARN_BLOCK_CAPTURE_AUTORELEASING = YES;
				CLANG_WARN_BOOL_CONVERSION = YES;
				CLANG_WARN_COMMA = YES;
				CLANG_WARN_CONSTANT_CONVERSION = YES;
				CLANG_WARN_DEPRECATED_OBJC_IMPLEMENTATIONS = YES;
				CLANG_WARN_DIRECT_OBJC_ISA_USAGE = YES_ERROR;
				CLANG_WARN_DOCUMENTATION_COMMENTS = YES;
				CLANG_WARN_EMPTY_BODY = YES;
				CLANG_WARN_ENUM_CONVERSION = YES;
				CLANG_WARN_INFINITE_RECURSION = YES;
				CLANG_WARN_INT_CONVERSION = YES;
				CLANG_WARN_NON_LITERAL_NULL_CONVERSION = YES;
				CLANG_WARN_OBJC_IMPLICIT_RETAIN_SELF = YES;
				CLANG_WARN_OBJC_LITERAL_CONVERSION = YES;
				CLANG_WARN_OBJC_ROOT_CLASS = YES_ERROR;
				CLANG_WARN_QUOTED_INCLUDE_IN_FRAMEWORK_HEADER = YES;
				CLANG_WARN_RANGE_LOOP_ANALYSIS = YES;
				CLANG_WARN_STRICT_PROTOTYPES = YES;
				CLANG_WARN_SUSPICIOUS_MOVE = YES;
				CLANG_WARN_UNGUARDED_AVAILABILITY = YES_AGGRESSIVE;
				CLANG_WARN_UNREACHABLE_CODE = YES;
				CLANG_WARN__DUPLICATE_METHOD_MATCH = YES;
				COPY_PHASE_STRIP = NO;
				DEBUG_INFORMATION_FORMAT = "dwarf-with-dsym";
				ENABLE_NS_ASSERTIONS = NO;
				ENABLE_STRICT_OBJC_MSGSEND = YES;
				GCC_C_LANGUAGE_STANDARD = gnu11;
				GCC_NO_COMMON_BLOCKS = YES;
				GCC_WARN_64_TO_32_BIT_CONVERSION = YES;
				GCC_WARN_ABOUT_RETURN_TYPE = YES_ERROR;
				GCC_WARN_UNDECLARED_SELECTOR = YES;
				GCC_WARN_UNINITIALIZED_AUTOS = YES_AGGRESSIVE;
				GCC_WARN_UNUSED_FUNCTION = YES;
				GCC_WARN_UNUSED_VARIABLE = YES;
				IPHONEOS_DEPLOYMENT_TARGET = 15.5;
				MTL_ENABLE_DEBUG_INFO = NO;
				MTL_FAST_MATH = YES;
				SDKROOT = iphoneos;
				SWIFT_COMPILATION_MODE = wholemodule;
				SWIFT_OPTIMIZATION_LEVEL = "-O";
				VALIDATE_PRODUCT = YES;
			};
			name = Release;
		};
		F8659BB62843A08600FA13DC /* Debug */ = {
			isa = XCBuildConfiguration;
			buildSettings = {
				ASSETCATALOG_COMPILER_APPICON_NAME = AppIcon;
				ASSETCATALOG_COMPILER_GLOBAL_ACCENT_COLOR_NAME = AccentColor;
				CODE_SIGN_STYLE = Automatic;
				CURRENT_PROJECT_VERSION = 1;
				DEVELOPMENT_ASSET_PATHS = "\"TodoList/Preview Content\"";
				DEVELOPMENT_TEAM = GLVZ4657KM;
				ENABLE_PREVIEWS = YES;
				GENERATE_INFOPLIST_FILE = YES;
				INFOPLIST_KEY_UIApplicationSceneManifest_Generation = YES;
				INFOPLIST_KEY_UIApplicationSupportsIndirectInputEvents = YES;
				INFOPLIST_KEY_UILaunchStoryboardName = LaunchScreen;
				INFOPLIST_KEY_UISupportedInterfaceOrientations_iPad = "UIInterfaceOrientationPortrait UIInterfaceOrientationPortraitUpsideDown UIInterfaceOrientationLandscapeLeft UIInterfaceOrientationLandscapeRight";
				INFOPLIST_KEY_UISupportedInterfaceOrientations_iPhone = "UIInterfaceOrientationPortrait UIInterfaceOrientationLandscapeLeft UIInterfaceOrientationLandscapeRight";
				LD_RUNPATH_SEARCH_PATHS = (
					"$(inherited)",
					"@executable_path/Frameworks",
				);
				MARKETING_VERSION = 1.0;
				PRODUCT_BUNDLE_IDENTIFIER = com.gregfields.TodoList;
				PRODUCT_NAME = "Do Stuff";
				SWIFT_EMIT_LOC_STRINGS = YES;
				SWIFT_VERSION = 5.0;
				TARGETED_DEVICE_FAMILY = "1,2";
			};
			name = Debug;
		};
		F8659BB72843A08600FA13DC /* Release */ = {
			isa = XCBuildConfiguration;
			buildSettings = {
				ASSETCATALOG_COMPILER_APPICON_NAME = AppIcon;
				ASSETCATALOG_COMPILER_GLOBAL_ACCENT_COLOR_NAME = AccentColor;
				CODE_SIGN_STYLE = Automatic;
				CURRENT_PROJECT_VERSION = 1;
				DEVELOPMENT_ASSET_PATHS = "\"TodoList/Preview Content\"";
				DEVELOPMENT_TEAM = GLVZ4657KM;
				ENABLE_PREVIEWS = YES;
				GENERATE_INFOPLIST_FILE = YES;
				INFOPLIST_KEY_UIApplicationSceneManifest_Generation = YES;
				INFOPLIST_KEY_UIApplicationSupportsIndirectInputEvents = YES;
				INFOPLIST_KEY_UILaunchStoryboardName = LaunchScreen;
				INFOPLIST_KEY_UISupportedInterfaceOrientations_iPad = "UIInterfaceOrientationPortrait UIInterfaceOrientationPortraitUpsideDown UIInterfaceOrientationLandscapeLeft UIInterfaceOrientationLandscapeRight";
				INFOPLIST_KEY_UISupportedInterfaceOrientations_iPhone = "UIInterfaceOrientationPortrait UIInterfaceOrientationLandscapeLeft UIInterfaceOrientationLandscapeRight";
				LD_RUNPATH_SEARCH_PATHS = (
					"$(inherited)",
					"@executable_path/Frameworks",
				);
				MARKETING_VERSION = 1.0;
				PRODUCT_BUNDLE_IDENTIFIER = com.gregfields.TodoList;
				PRODUCT_NAME = "Do Stuff";
				SWIFT_EMIT_LOC_STRINGS = YES;
				SWIFT_VERSION = 5.0;
				TARGETED_DEVICE_FAMILY = "1,2";
			};
			name = Release;
		};
/* End XCBuildConfiguration section */

/* Begin XCConfigurationList section */
		F8659BA22843A08300FA13DC /* Build configuration list for PBXProject "TodoList" */ = {
			isa = XCConfigurationList;
			buildConfigurations = (
				F8659BB32843A08600FA13DC /* Debug */,
				F8659BB42843A08600FA13DC /* Release */,
			);
			defaultConfigurationIsVisible = 0;
			defaultConfigurationName = Release;
		};
		F8659BB52843A08600FA13DC /* Build configuration list for PBXNativeTarget "TodoList" */ = {
			isa = XCConfigurationList;
			buildConfigurations = (
				F8659BB62843A08600FA13DC /* Debug */,
				F8659BB72843A08600FA13DC /* Release */,
			);
			defaultConfigurationIsVisible = 0;
			defaultConfigurationName = Release;
		};
/* End XCConfigurationList section */
	};
	rootObject = F8659B9F2843A08300FA13DC /* Project object */;
}
